// !$*UTF8*$!
{
	archiveVersion = 1;
	classes = {
	};
	objectVersion = 46;
	objects = {

/* Begin PBXBuildFile section */
		0368379F1B8FE12B00563BAB /* main.m in Sources */ = {isa = PBXBuildFile; fileRef = 0368379E1B8FE12B00563BAB /* main.m */; };
		036837A21B8FE12B00563BAB /* AppDelegate.m in Sources */ = {isa = PBXBuildFile; fileRef = 036837A11B8FE12B00563BAB /* AppDelegate.m */; };
		036837A51B8FE12B00563BAB /* HZXibViewController.m in Sources */ = {isa = PBXBuildFile; fileRef = 036837A41B8FE12B00563BAB /* HZXibViewController.m */; };
		036837A81B8FE12B00563BAB /* Main.storyboard in Resources */ = {isa = PBXBuildFile; fileRef = 036837A61B8FE12B00563BAB /* Main.storyboard */; };
		036837AA1B8FE12B00563BAB /* Assets.xcassets in Resources */ = {isa = PBXBuildFile; fileRef = 036837A91B8FE12B00563BAB /* Assets.xcassets */; };
		036837AD1B8FE12B00563BAB /* LaunchScreen.storyboard in Resources */ = {isa = PBXBuildFile; fileRef = 036837AB1B8FE12B00563BAB /* LaunchScreen.storyboard */; };
		036837B71B8FE13F00563BAB /* HZRoute.m in Sources */ = {isa = PBXBuildFile; fileRef = 036837B61B8FE13F00563BAB /* HZRoute.m */; };
		036837BA1B8FE1AD00563BAB /* HZNoXibViewController.m in Sources */ = {isa = PBXBuildFile; fileRef = 036837B91B8FE1AD00563BAB /* HZNoXibViewController.m */; };
/* End PBXBuildFile section */

/* Begin PBXFileReference section */
		0368379A1B8FE12B00563BAB /* HZRoute.app */ = {isa = PBXFileReference; explicitFileType = wrapper.application; includeInIndex = 0; path = HZRoute.app; sourceTree = BUILT_PRODUCTS_DIR; };
		0368379E1B8FE12B00563BAB /* main.m */ = {isa = PBXFileReference; lastKnownFileType = sourcecode.c.objc; path = main.m; sourceTree = "<group>"; };
		036837A01B8FE12B00563BAB /* AppDelegate.h */ = {isa = PBXFileReference; lastKnownFileType = sourcecode.c.h; path = AppDelegate.h; sourceTree = "<group>"; };
		036837A11B8FE12B00563BAB /* AppDelegate.m */ = {isa = PBXFileReference; lastKnownFileType = sourcecode.c.objc; path = AppDelegate.m; sourceTree = "<group>"; };
		036837A31B8FE12B00563BAB /* HZXibViewController.h */ = {isa = PBXFileReference; lastKnownFileType = sourcecode.c.h; path = HZXibViewController.h; sourceTree = "<group>"; };
		036837A41B8FE12B00563BAB /* HZXibViewController.m */ = {isa = PBXFileReference; lastKnownFileType = sourcecode.c.objc; path = HZXibViewController.m; sourceTree = "<group>"; };
		036837A71B8FE12B00563BAB /* Base */ = {isa = PBXFileReference; lastKnownFileType = file.storyboard; name = Base; path = Base.lproj/Main.storyboard; sourceTree = "<group>"; };
		036837A91B8FE12B00563BAB /* Assets.xcassets */ = {isa = PBXFileReference; lastKnownFileType = folder.assetcatalog; path = Assets.xcassets; sourceTree = "<group>"; };
		036837AC1B8FE12B00563BAB /* Base */ = {isa = PBXFileReference; lastKnownFileType = file.storyboard; name = Base; path = Base.lproj/LaunchScreen.storyboard; sourceTree = "<group>"; };
		036837AE1B8FE12B00563BAB /* Info.plist */ = {isa = PBXFileReference; lastKnownFileType = text.plist.xml; path = Info.plist; sourceTree = "<group>"; };
		036837B51B8FE13F00563BAB /* HZRoute.h */ = {isa = PBXFileReference; fileEncoding = 4; lastKnownFileType = sourcecode.c.h; path = HZRoute.h; sourceTree = "<group>"; };
		036837B61B8FE13F00563BAB /* HZRoute.m */ = {isa = PBXFileReference; fileEncoding = 4; lastKnownFileType = sourcecode.c.objc; path = HZRoute.m; sourceTree = "<group>"; };
		036837B81B8FE1AD00563BAB /* HZNoXibViewController.h */ = {isa = PBXFileReference; fileEncoding = 4; lastKnownFileType = sourcecode.c.h; path = HZNoXibViewController.h; sourceTree = "<group>"; };
		036837B91B8FE1AD00563BAB /* HZNoXibViewController.m */ = {isa = PBXFileReference; fileEncoding = 4; lastKnownFileType = sourcecode.c.objc; path = HZNoXibViewController.m; sourceTree = "<group>"; };
/* End PBXFileReference section */

/* Begin PBXFrameworksBuildPhase section */
		036837971B8FE12B00563BAB /* Frameworks */ = {
			isa = PBXFrameworksBuildPhase;
			buildActionMask = 2147483647;
			files = (
			);
			runOnlyForDeploymentPostprocessing = 0;
		};
/* End PBXFrameworksBuildPhase section */

/* Begin PBXGroup section */
		036837911B8FE12B00563BAB = {
			isa = PBXGroup;
			children = (
				0368379C1B8FE12B00563BAB /* HZRoute */,
				0368379B1B8FE12B00563BAB /* Products */,
			);
			sourceTree = "<group>";
		};
		0368379B1B8FE12B00563BAB /* Products */ = {
			isa = PBXGroup;
			children = (
				0368379A1B8FE12B00563BAB /* HZRoute.app */,
			);
			name = Products;
			sourceTree = "<group>";
		};
		0368379C1B8FE12B00563BAB /* HZRoute */ = {
			isa = PBXGroup;
			children = (
				036837B41B8FE13F00563BAB /* HZRoute */,
				036837A01B8FE12B00563BAB /* AppDelegate.h */,
				036837A11B8FE12B00563BAB /* AppDelegate.m */,
				036837A31B8FE12B00563BAB /* HZXibViewController.h */,
				036837A41B8FE12B00563BAB /* HZXibViewController.m */,
				036837A61B8FE12B00563BAB /* Main.storyboard */,
				036837A91B8FE12B00563BAB /* Assets.xcassets */,
				036837AB1B8FE12B00563BAB /* LaunchScreen.storyboard */,
				036837AE1B8FE12B00563BAB /* Info.plist */,
				0368379D1B8FE12B00563BAB /* Supporting Files */,
				036837B81B8FE1AD00563BAB /* HZNoXibViewController.h */,
				036837B91B8FE1AD00563BAB /* HZNoXibViewController.m */,
			);
			path = HZRoute;
			sourceTree = "<group>";
		};
		0368379D1B8FE12B00563BAB /* Supporting Files */ = {
			isa = PBXGroup;
			children = (
				0368379E1B8FE12B00563BAB /* main.m */,
			);
			name = "Supporting Files";
			sourceTree = "<group>";
		};
		036837B41B8FE13F00563BAB /* HZRoute */ = {
			isa = PBXGroup;
			children = (
				036837B51B8FE13F00563BAB /* HZRoute.h */,
				036837B61B8FE13F00563BAB /* HZRoute.m */,
			);
			path = HZRoute;
			sourceTree = "<group>";
		};
/* End PBXGroup section */

/* Begin PBXNativeTarget section */
		036837991B8FE12B00563BAB /* HZRoute */ = {
			isa = PBXNativeTarget;
			buildConfigurationList = 036837B11B8FE12B00563BAB /* Build configuration list for PBXNativeTarget "HZRoute" */;
			buildPhases = (
				036837961B8FE12B00563BAB /* Sources */,
				036837971B8FE12B00563BAB /* Frameworks */,
				036837981B8FE12B00563BAB /* Resources */,
			);
			buildRules = (
			);
			dependencies = (
			);
			name = HZRoute;
			productName = HZRoute;
			productReference = 0368379A1B8FE12B00563BAB /* HZRoute.app */;
			productType = "com.apple.product-type.application";
		};
/* End PBXNativeTarget section */

/* Begin PBXProject section */
		036837921B8FE12B00563BAB /* Project object */ = {
			isa = PBXProject;
			attributes = {
				LastUpgradeCheck = 0700;
				ORGANIZATIONNAME = history;
				TargetAttributes = {
					036837991B8FE12B00563BAB = {
						CreatedOnToolsVersion = 7.0;
					};
				};
			};
			buildConfigurationList = 036837951B8FE12B00563BAB /* Build configuration list for PBXProject "HZRoute" */;
			compatibilityVersion = "Xcode 3.2";
			developmentRegion = English;
			hasScannedForEncodings = 0;
			knownRegions = (
				en,
				Base,
			);
			mainGroup = 036837911B8FE12B00563BAB;
			productRefGroup = 0368379B1B8FE12B00563BAB /* Products */;
			projectDirPath = "";
			projectRoot = "";
			targets = (
				036837991B8FE12B00563BAB /* HZRoute */,
			);
		};
/* End PBXProject section */

/* Begin PBXResourcesBuildPhase section */
		036837981B8FE12B00563BAB /* Resources */ = {
			isa = PBXResourcesBuildPhase;
			buildActionMask = 2147483647;
			files = (
				036837AD1B8FE12B00563BAB /* LaunchScreen.storyboard in Resources */,
				036837AA1B8FE12B00563BAB /* Assets.xcassets in Resources */,
				036837A81B8FE12B00563BAB /* Main.storyboard in Resources */,
			);
			runOnlyForDeploymentPostprocessing = 0;
		};
/* End PBXResourcesBuildPhase section */

/* Begin PBXSourcesBuildPhase section */
		036837961B8FE12B00563BAB /* Sources */ = {
			isa = PBXSourcesBuildPhase;
			buildActionMask = 2147483647;
			files = (
				036837A51B8FE12B00563BAB /* HZXibViewController.m in Sources */,
				036837B71B8FE13F00563BAB /* HZRoute.m in Sources */,
				036837A21B8FE12B00563BAB /* AppDelegate.m in Sources */,
				0368379F1B8FE12B00563BAB /* main.m in Sources */,
				036837BA1B8FE1AD00563BAB /* HZNoXibViewController.m in Sources */,
			);
			runOnlyForDeploymentPostprocessing = 0;
		};
/* End PBXSourcesBuildPhase section */

/* Begin PBXVariantGroup section */
		036837A61B8FE12B00563BAB /* Main.storyboard */ = {
			isa = PBXVariantGroup;
			children = (
				036837A71B8FE12B00563BAB /* Base */,
			);
			name = Main.storyboard;
			sourceTree = "<group>";
		};
		036837AB1B8FE12B00563BAB /* LaunchScreen.storyboard */ = {
			isa = PBXVariantGroup;
			children = (
				036837AC1B8FE12B00563BAB /* Base */,
			);
			name = LaunchScreen.storyboard;
			sourceTree = "<group>";
		};
/* End PBXVariantGroup section */

/* Begin XCBuildConfiguration section */
		036837AF1B8FE12B00563BAB /* Debug */ = {
			isa = XCBuildConfiguration;
			buildSettings = {
				ALWAYS_SEARCH_USER_PATHS = NO;
				CLANG_CXX_LANGUAGE_STANDARD = "gnu++0x";
				CLANG_CXX_LIBRARY = "libc++";
				CLANG_ENABLE_MODULES = YES;
				CLANG_ENABLE_OBJC_ARC = YES;
				CLANG_WARN_BOOL_CONVERSION = YES;
				CLANG_WARN_CONSTANT_CONVERSION = YES;
				CLANG_WARN_DIRECT_OBJC_ISA_USAGE = YES_ERROR;
				CLANG_WARN_EMPTY_BODY = YES;
				CLANG_WARN_ENUM_CONVERSION = YES;
				CLANG_WARN_INT_CONVERSION = YES;
				CLANG_WARN_OBJC_ROOT_CLASS = YES_ERROR;
				CLANG_WARN_UNREACHABLE_CODE = YES;
				CLANG_WARN__DUPLICATE_METHOD_MATCH = YES;
				"CODE_SIGN_IDENTITY[sdk=iphoneos*]" = "iPhone Developer";
				COPY_PHASE_STRIP = NO;
				DEBUG_INFORMATION_FORMAT = dwarf;
				ENABLE_STRICT_OBJC_MSGSEND = YES;
				ENABLE_TESTABILITY = YES;
				GCC_C_LANGUAGE_STANDARD = gnu99;
				GCC_DYNAMIC_NO_PIC = NO;
				GCC_NO_COMMON_BLOCKS = YES;
				GCC_OPTIMIZATION_LEVEL = 0;
				GCC_PREPROCESSOR_DEFINITIONS = (
					"DEBUG=1",
					"$(inherited)",
				);
				GCC_WARN_64_TO_32_BIT_CONVERSION = YES;
				GCC_WARN_ABOUT_RETURN_TYPE = YES_ERROR;
				GCC_WARN_UNDECLARED_SELECTOR = YES;
				GCC_WARN_UNINITIALIZED_AUTOS = YES_AGGRESSIVE;
				GCC_WARN_UNUSED_FUNCTION = YES;
				GCC_WARN_UNUSED_VARIABLE = YES;
				IPHONEOS_DEPLOYMENT_TARGET = 9.0;
				MTL_ENABLE_DEBUG_INFO = YES;
				ONLY_ACTIVE_ARCH = YES;
				SDKROOT = iphoneos;
			};
			name = Debug;
		};
		036837B01B8FE12B00563BAB /* Release */ = {
			isa = XCBuildConfiguration;
			buildSettings = {
				ALWAYS_SEARCH_USER_PATHS = NO;
				CLANG_CXX_LANGUAGE_STANDARD = "gnu++0x";
				CLANG_CXX_LIBRARY = "libc++";
				CLANG_ENABLE_MODULES = YES;
				CLANG_ENABLE_OBJC_ARC = YES;
				CLANG_WARN_BOOL_CONVERSION = YES;
				CLANG_WARN_CONSTANT_CONVERSION = YES;
				CLANG_WARN_DIRECT_OBJC_ISA_USAGE = YES_ERROR;
				CLANG_WARN_EMPTY_BODY = YES;
				CLANG_WARN_ENUM_CONVERSION = YES;
				CLANG_WARN_INT_CONVERSION = YES;
				CLANG_WARN_OBJC_ROOT_CLASS = YES_ERROR;
				CLANG_WARN_UNREACHABLE_CODE = YES;
				CLANG_WARN__DUPLICATE_METHOD_MATCH = YES;
				"CODE_SIGN_IDENTITY[sdk=iphoneos*]" = "iPhone Developer";
				COPY_PHASE_STRIP = NO;
				DEBUG_INFORMATION_FORMAT = "dwarf-with-dsym";
				ENABLE_NS_ASSERTIONS = NO;
				ENABLE_STRICT_OBJC_MSGSEND = YES;
				GCC_C_LANGUAGE_STANDARD = gnu99;
				GCC_NO_COMMON_BLOCKS = YES;
				GCC_WARN_64_TO_32_BIT_CONVERSION = YES;
				GCC_WARN_ABOUT_RETURN_TYPE = YES_ERROR;
				GCC_WARN_UNDECLARED_SELECTOR = YES;
				GCC_WARN_UNINITIALIZED_AUTOS = YES_AGGRESSIVE;
				GCC_WARN_UNUSED_FUNCTION = YES;
				GCC_WARN_UNUSED_VARIABLE = YES;
				IPHONEOS_DEPLOYMENT_TARGET = 9.0;
				MTL_ENABLE_DEBUG_INFO = NO;
				SDKROOT = iphoneos;
				VALIDATE_PRODUCT = YES;
			};
			name = Release;
		};
		036837B21B8FE12B00563BAB /* Debug */ = {
			isa = XCBuildConfiguration;
			buildSettings = {
				ASSETCATALOG_COMPILER_APPICON_NAME = AppIcon;
				INFOPLIST_FILE = HZRoute/Info.plist;
				LD_RUNPATH_SEARCH_PATHS = "$(inherited) @executable_path/Frameworks";
				PRODUCT_BUNDLE_IDENTIFIER = com.ahxmt.HZRoute;
				PRODUCT_NAME = "$(TARGET_NAME)";
			};
			name = Debug;
		};
		036837B31B8FE12B00563BAB /* Release */ = {
			isa = XCBuildConfiguration;
			buildSettings = {
				ASSETCATALOG_COMPILER_APPICON_NAME = AppIcon;
				INFOPLIST_FILE = HZRoute/Info.plist;
				LD_RUNPATH_SEARCH_PATHS = "$(inherited) @executable_path/Frameworks";
				PRODUCT_BUNDLE_IDENTIFIER = com.ahxmt.HZRoute;
				PRODUCT_NAME = "$(TARGET_NAME)";
			};
			name = Release;
		};
/* End XCBuildConfiguration section */

/* Begin XCConfigurationList section */
		036837951B8FE12B00563BAB /* Build configuration list for PBXProject "HZRoute" */ = {
			isa = XCConfigurationList;
			buildConfigurations = (
				036837AF1B8FE12B00563BAB /* Debug */,
				036837B01B8FE12B00563BAB /* Release */,
			);
			defaultConfigurationIsVisible = 0;
			defaultConfigurationName = Release;
		};
		036837B11B8FE12B00563BAB /* Build configuration list for PBXNativeTarget "HZRoute" */ = {
			isa = XCConfigurationList;
			buildConfigurations = (
				036837B21B8FE12B00563BAB /* Debug */,
				036837B31B8FE12B00563BAB /* Release */,
			);
			defaultConfigurationIsVisible = 0;
		};
/* End XCConfigurationList section */
	};
	rootObject = 036837921B8FE12B00563BAB /* Project object */;
}
